
Microsoft Visual Studio Solution File, Format Version 12.00
# Visual Studio Version 16
VisualStudioVersion = 16.0.31729.503
MinimumVisualStudioVersion = 10.0.40219.1
Project("{888888A0-9F3D-457C-B088-3A5042F75D52}") = "Lists10", "Lists10\Lists10.pyproj", "{93561B09-0CC5-4211-8B02-F2D2843AA19B}"
EndProject
Global
	GlobalSection(SolutionConfigurationPlatforms) = preSolution
		Debug|Any CPU = Debug|Any CPU
		Release|Any CPU = Release|Any CPU
	EndGlobalSection
	GlobalSection(ProjectConfigurationPlatforms) = postSolution
		{93561B09-0CC5-4211-8B02-F2D2843AA19B}.Debug|Any CPU.ActiveCfg = Debug|Any CPU
		{93561B09-0CC5-4211-8B02-F2D2843AA19B}.Release|Any CPU.ActiveCfg = Release|Any CPU
	EndGlobalSection
	GlobalSection(SolutionProperties) = preSolution
		HideSolutionNode = FALSE
	EndGlobalSection
	GlobalSection(ExtensibilityGlobals) = postSolution
		SolutionGuid = {A3947A7B-4461-4A33-8A61-3460EAACE51B}
	EndGlobalSection
EndGlobal
